
Microsoft Visual Studio Solution File, Format Version 12.00
# Visual Studio Version 17
VisualStudioVersion = 17.4.33122.133
MinimumVisualStudioVersion = 10.0.40219.1
Project("{FAE04EC0-301F-11D3-BF4B-00C04F79EFBC}") = "Traffic-Simulator", "Traffic-Simulator\Traffic-Simulator.csproj", "{265D51EC-E194-4454-BC25-11E85587364E}"
EndProject
Global
	GlobalSection(SolutionConfigurationPlatforms) = preSolution
		Debug|Any CPU = Debug|Any CPU
		Release|Any CPU = Release|Any CPU
	EndGlobalSection
	GlobalSection(ProjectConfigurationPlatforms) = postSolution
		{265D51EC-E194-4454-BC25-11E85587364E}.Debug|Any CPU.ActiveCfg = Debug|Any CPU
		{265D51EC-E194-4454-BC25-11E85587364E}.Debug|Any CPU.Build.0 = Debug|Any CPU
		{265D51EC-E194-4454-BC25-11E85587364E}.Release|Any CPU.ActiveCfg = Release|Any CPU
		{265D51EC-E194-4454-BC25-11E85587364E}.Release|Any CPU.Build.0 = Release|Any CPU
	EndGlobalSection
	GlobalSection(SolutionProperties) = preSolution
		HideSolutionNode = FALSE
	EndGlobalSection
	GlobalSection(ExtensibilityGlobals) = postSolution
		SolutionGuid = {612C85FB-4B77-4734-BBE3-892507D56F6B}
	EndGlobalSection
EndGlobal
